// !$*UTF8*$!
{
	archiveVersion = 1;
	classes = {
	};
	objectVersion = 46;
	objects = {

/* Begin PBXBuildFile section */
		DFA3925A1ABE10C300338DC4 /* main.m in Sources */ = {isa = PBXBuildFile; fileRef = DFA392591ABE10C300338DC4 /* main.m */; };
		DFA3925D1ABE10C300338DC4 /* AppDelegate.m in Sources */ = {isa = PBXBuildFile; fileRef = DFA3925C1ABE10C300338DC4 /* AppDelegate.m */; };
		DFA392631ABE10C300338DC4 /* Main.storyboard in Resources */ = {isa = PBXBuildFile; fileRef = DFA392611ABE10C300338DC4 /* Main.storyboard */; };
		DFA392651ABE10C300338DC4 /* Images.xcassets in Resources */ = {isa = PBXBuildFile; fileRef = DFA392641ABE10C300338DC4 /* Images.xcassets */; };
		DFA392681ABE10C300338DC4 /* LaunchScreen.xib in Resources */ = {isa = PBXBuildFile; fileRef = DFA392661ABE10C300338DC4 /* LaunchScreen.xib */; };
		DFA392741ABE10C300338DC4 /* ForecasterTests.m in Sources */ = {isa = PBXBuildFile; fileRef = DFA392731ABE10C300338DC4 /* ForecasterTests.m */; };
		DFA3927F1ABE110600338DC4 /* CitiesTableViewController.m in Sources */ = {isa = PBXBuildFile; fileRef = DFA3927E1ABE110600338DC4 /* CitiesTableViewController.m */; };
		DFA392821ABE147500338DC4 /* CitySearchViewController.m in Sources */ = {isa = PBXBuildFile; fileRef = DFA392811ABE147500338DC4 /* CitySearchViewController.m */; };
		DFA392851ABE16C300338DC4 /* City.m in Sources */ = {isa = PBXBuildFile; fileRef = DFA392841ABE16C300338DC4 /* City.m */; };
		DFA392881ABE184F00338DC4 /* NetworkManager.m in Sources */ = {isa = PBXBuildFile; fileRef = DFA392871ABE184F00338DC4 /* NetworkManager.m */; };
		DFA3928B1ABF3D4400338DC4 /* CityCell.m in Sources */ = {isa = PBXBuildFile; fileRef = DFA3928A1ABF3D4400338DC4 /* CityCell.m */; };
		DFA3928E1ABF3DCD00338DC4 /* Weather.m in Sources */ = {isa = PBXBuildFile; fileRef = DFA3928D1ABF3DCD00338DC4 /* Weather.m */; };
		DFA392931ABF4F0400338DC4 /* WeatherDetailViewController.m in Sources */ = {isa = PBXBuildFile; fileRef = DFA392921ABF4F0400338DC4 /* WeatherDetailViewController.m */; };
		EE4727071ADE9F2C00762AB5 /* libc++.dylib in Frameworks */ = {isa = PBXBuildFile; fileRef = EE4726FB1ADE9F2C00762AB5 /* libc++.dylib */; };
		EE4727081ADE9F2C00762AB5 /* libicucore.dylib in Frameworks */ = {isa = PBXBuildFile; fileRef = EE4726FC1ADE9F2C00762AB5 /* libicucore.dylib */; };
		EE4727091ADE9F2C00762AB5 /* Firebase.framework in Frameworks */ = {isa = PBXBuildFile; fileRef = EE4726FD1ADE9F2C00762AB5 /* Firebase.framework */; };
		EE47270F1ADEA04E00762AB5 /* libsqlite3.dylib in Frameworks */ = {isa = PBXBuildFile; fileRef = EE47270E1ADEA04E00762AB5 /* libsqlite3.dylib */; };
		EE4727111ADEA07500762AB5 /* libz.dylib in Frameworks */ = {isa = PBXBuildFile; fileRef = EE4727101ADEA07500762AB5 /* libz.dylib */; };
		EE4727131ADEA0C700762AB5 /* AudioToolbox.framework in Frameworks */ = {isa = PBXBuildFile; fileRef = EE4727121ADEA0C700762AB5 /* AudioToolbox.framework */; };
		EE4727151ADEA0D000762AB5 /* CFNetwork.framework in Frameworks */ = {isa = PBXBuildFile; fileRef = EE4727141ADEA0D000762AB5 /* CFNetwork.framework */; };
		EE4727171ADEA0D900762AB5 /* CoreGraphics.framework in Frameworks */ = {isa = PBXBuildFile; fileRef = EE4727161ADEA0D900762AB5 /* CoreGraphics.framework */; };
		EE4727191ADEA0E300762AB5 /* CoreLocation.framework in Frameworks */ = {isa = PBXBuildFile; fileRef = EE4727181ADEA0E300762AB5 /* CoreLocation.framework */; };
		EE47271B1ADEA0F100762AB5 /* MobileCoreServices.framework in Frameworks */ = {isa = PBXBuildFile; fileRef = EE47271A1ADEA0F100762AB5 /* MobileCoreServices.framework */; };
		EE47271D1ADEA0FD00762AB5 /* QuartzCore.framework in Frameworks */ = {isa = PBXBuildFile; fileRef = EE47271C1ADEA0FD00762AB5 /* QuartzCore.framework */; };
		EE47271F1ADEA10900762AB5 /* Security.framework in Frameworks */ = {isa = PBXBuildFile; fileRef = EE47271E1ADEA10900762AB5 /* Security.framework */; };
		EE4727211ADEA11100762AB5 /* StoreKit.framework in Frameworks */ = {isa = PBXBuildFile; fileRef = EE4727201ADEA11100762AB5 /* StoreKit.framework */; };
		EE4727231ADEA11D00762AB5 /* SystemConfiguration.framework in Frameworks */ = {isa = PBXBuildFile; fileRef = EE4727221ADEA11D00762AB5 /* SystemConfiguration.framework */; };
		EE4727261ADEA1C500762AB5 /* Bolts.framework in Frameworks */ = {isa = PBXBuildFile; fileRef = EE4727241ADEA1C500762AB5 /* Bolts.framework */; };
		EE4727271ADEA1C500762AB5 /* Parse.framework in Frameworks */ = {isa = PBXBuildFile; fileRef = EE4727251ADEA1C500762AB5 /* Parse.framework */; };
/* End PBXBuildFile section */

/* Begin PBXContainerItemProxy section */
		DFA3926E1ABE10C300338DC4 /* PBXContainerItemProxy */ = {
			isa = PBXContainerItemProxy;
			containerPortal = DFA3924C1ABE10C300338DC4 /* Project object */;
			proxyType = 1;
			remoteGlobalIDString = DFA392531ABE10C300338DC4;
			remoteInfo = Forecaster;
		};
/* End PBXContainerItemProxy section */

/* Begin PBXFileReference section */
		DFA392541ABE10C300338DC4 /* Forecaster.app */ = {isa = PBXFileReference; explicitFileType = wrapper.application; includeInIndex = 0; path = Forecaster.app; sourceTree = BUILT_PRODUCTS_DIR; };
		DFA392581ABE10C300338DC4 /* Info.plist */ = {isa = PBXFileReference; lastKnownFileType = text.plist.xml; path = Info.plist; sourceTree = "<group>"; };
		DFA392591ABE10C300338DC4 /* main.m */ = {isa = PBXFileReference; lastKnownFileType = sourcecode.c.objc; path = main.m; sourceTree = "<group>"; };
		DFA3925B1ABE10C300338DC4 /* AppDelegate.h */ = {isa = PBXFileReference; lastKnownFileType = sourcecode.c.h; path = AppDelegate.h; sourceTree = "<group>"; };
		DFA3925C1ABE10C300338DC4 /* AppDelegate.m */ = {isa = PBXFileReference; lastKnownFileType = sourcecode.c.objc; path = AppDelegate.m; sourceTree = "<group>"; };
		DFA392621ABE10C300338DC4 /* Base */ = {isa = PBXFileReference; lastKnownFileType = file.storyboard; name = Base; path = Base.lproj/Main.storyboard; sourceTree = "<group>"; };
		DFA392641ABE10C300338DC4 /* Images.xcassets */ = {isa = PBXFileReference; lastKnownFileType = folder.assetcatalog; path = Images.xcassets; sourceTree = "<group>"; };
		DFA392671ABE10C300338DC4 /* Base */ = {isa = PBXFileReference; lastKnownFileType = file.xib; name = Base; path = Base.lproj/LaunchScreen.xib; sourceTree = "<group>"; };
		DFA3926D1ABE10C300338DC4 /* ForecasterTests.xctest */ = {isa = PBXFileReference; explicitFileType = wrapper.cfbundle; includeInIndex = 0; path = ForecasterTests.xctest; sourceTree = BUILT_PRODUCTS_DIR; };
		DFA392721ABE10C300338DC4 /* Info.plist */ = {isa = PBXFileReference; lastKnownFileType = text.plist.xml; path = Info.plist; sourceTree = "<group>"; };
		DFA392731ABE10C300338DC4 /* ForecasterTests.m */ = {isa = PBXFileReference; lastKnownFileType = sourcecode.c.objc; path = ForecasterTests.m; sourceTree = "<group>"; };
		DFA3927D1ABE110600338DC4 /* CitiesTableViewController.h */ = {isa = PBXFileReference; fileEncoding = 4; lastKnownFileType = sourcecode.c.h; path = CitiesTableViewController.h; sourceTree = "<group>"; };
		DFA3927E1ABE110600338DC4 /* CitiesTableViewController.m */ = {isa = PBXFileReference; fileEncoding = 4; lastKnownFileType = sourcecode.c.objc; path = CitiesTableViewController.m; sourceTree = "<group>"; };
		DFA392801ABE147500338DC4 /* CitySearchViewController.h */ = {isa = PBXFileReference; fileEncoding = 4; lastKnownFileType = sourcecode.c.h; path = CitySearchViewController.h; sourceTree = "<group>"; };
		DFA392811ABE147500338DC4 /* CitySearchViewController.m */ = {isa = PBXFileReference; fileEncoding = 4; lastKnownFileType = sourcecode.c.objc; path = CitySearchViewController.m; sourceTree = "<group>"; };
		DFA392831ABE16C300338DC4 /* City.h */ = {isa = PBXFileReference; fileEncoding = 4; lastKnownFileType = sourcecode.c.h; path = City.h; sourceTree = "<group>"; };
		DFA392841ABE16C300338DC4 /* City.m */ = {isa = PBXFileReference; fileEncoding = 4; lastKnownFileType = sourcecode.c.objc; path = City.m; sourceTree = "<group>"; };
		DFA392861ABE184F00338DC4 /* NetworkManager.h */ = {isa = PBXFileReference; fileEncoding = 4; lastKnownFileType = sourcecode.c.h; path = NetworkManager.h; sourceTree = "<group>"; };
		DFA392871ABE184F00338DC4 /* NetworkManager.m */ = {isa = PBXFileReference; fileEncoding = 4; lastKnownFileType = sourcecode.c.objc; path = NetworkManager.m; sourceTree = "<group>"; };
		DFA392891ABF3D4300338DC4 /* CityCell.h */ = {isa = PBXFileReference; fileEncoding = 4; lastKnownFileType = sourcecode.c.h; path = CityCell.h; sourceTree = "<group>"; };
		DFA3928A1ABF3D4400338DC4 /* CityCell.m */ = {isa = PBXFileReference; fileEncoding = 4; lastKnownFileType = sourcecode.c.objc; path = CityCell.m; sourceTree = "<group>"; };
		DFA3928C1ABF3DCD00338DC4 /* Weather.h */ = {isa = PBXFileReference; fileEncoding = 4; lastKnownFileType = sourcecode.c.h; path = Weather.h; sourceTree = "<group>"; };
		DFA3928D1ABF3DCD00338DC4 /* Weather.m */ = {isa = PBXFileReference; fileEncoding = 4; lastKnownFileType = sourcecode.c.objc; path = Weather.m; sourceTree = "<group>"; };
		DFA392911ABF4F0400338DC4 /* WeatherDetailViewController.h */ = {isa = PBXFileReference; fileEncoding = 4; lastKnownFileType = sourcecode.c.h; path = WeatherDetailViewController.h; sourceTree = "<group>"; };
		DFA392921ABF4F0400338DC4 /* WeatherDetailViewController.m */ = {isa = PBXFileReference; fileEncoding = 4; lastKnownFileType = sourcecode.c.objc; path = WeatherDetailViewController.m; sourceTree = "<group>"; };
		EE4726FB1ADE9F2C00762AB5 /* libc++.dylib */ = {isa = PBXFileReference; lastKnownFileType = "compiled.mach-o.dylib"; path = "libc++.dylib"; sourceTree = "<group>"; };
		EE4726FC1ADE9F2C00762AB5 /* libicucore.dylib */ = {isa = PBXFileReference; lastKnownFileType = "compiled.mach-o.dylib"; path = libicucore.dylib; sourceTree = "<group>"; };
		EE4726FD1ADE9F2C00762AB5 /* Firebase.framework */ = {isa = PBXFileReference; lastKnownFileType = wrapper.framework; path = Firebase.framework; sourceTree = "<group>"; };
		EE47270E1ADEA04E00762AB5 /* libsqlite3.dylib */ = {isa = PBXFileReference; lastKnownFileType = "compiled.mach-o.dylib"; name = libsqlite3.dylib; path = usr/lib/libsqlite3.dylib; sourceTree = SDKROOT; };
		EE4727101ADEA07500762AB5 /* libz.dylib */ = {isa = PBXFileReference; lastKnownFileType = "compiled.mach-o.dylib"; name = libz.dylib; path = usr/lib/libz.dylib; sourceTree = SDKROOT; };
		EE4727121ADEA0C700762AB5 /* AudioToolbox.framework */ = {isa = PBXFileReference; lastKnownFileType = wrapper.framework; name = AudioToolbox.framework; path = System/Library/Frameworks/AudioToolbox.framework; sourceTree = SDKROOT; };
		EE4727141ADEA0D000762AB5 /* CFNetwork.framework */ = {isa = PBXFileReference; lastKnownFileType = wrapper.framework; name = CFNetwork.framework; path = System/Library/Frameworks/CFNetwork.framework; sourceTree = SDKROOT; };
		EE4727161ADEA0D900762AB5 /* CoreGraphics.framework */ = {isa = PBXFileReference; lastKnownFileType = wrapper.framework; name = CoreGraphics.framework; path = System/Library/Frameworks/CoreGraphics.framework; sourceTree = SDKROOT; };
		EE4727181ADEA0E300762AB5 /* CoreLocation.framework */ = {isa = PBXFileReference; lastKnownFileType = wrapper.framework; name = CoreLocation.framework; path = System/Library/Frameworks/CoreLocation.framework; sourceTree = SDKROOT; };
		EE47271A1ADEA0F100762AB5 /* MobileCoreServices.framework */ = {isa = PBXFileReference; lastKnownFileType = wrapper.framework; name = MobileCoreServices.framework; path = System/Library/Frameworks/MobileCoreServices.framework; sourceTree = SDKROOT; };
		EE47271C1ADEA0FD00762AB5 /* QuartzCore.framework */ = {isa = PBXFileReference; lastKnownFileType = wrapper.framework; name = QuartzCore.framework; path = System/Library/Frameworks/QuartzCore.framework; sourceTree = SDKROOT; };
		EE47271E1ADEA10900762AB5 /* Security.framework */ = {isa = PBXFileReference; lastKnownFileType = wrapper.framework; name = Security.framework; path = System/Library/Frameworks/Security.framework; sourceTree = SDKROOT; };
		EE4727201ADEA11100762AB5 /* StoreKit.framework */ = {isa = PBXFileReference; lastKnownFileType = wrapper.framework; name = StoreKit.framework; path = System/Library/Frameworks/StoreKit.framework; sourceTree = SDKROOT; };
		EE4727221ADEA11D00762AB5 /* SystemConfiguration.framework */ = {isa = PBXFileReference; lastKnownFileType = wrapper.framework; name = SystemConfiguration.framework; path = System/Library/Frameworks/SystemConfiguration.framework; sourceTree = SDKROOT; };
		EE4727241ADEA1C500762AB5 /* Bolts.framework */ = {isa = PBXFileReference; lastKnownFileType = wrapper.framework; name = Bolts.framework; path = "../../../parse-library-1/Bolts.framework"; sourceTree = "<group>"; };
		EE4727251ADEA1C500762AB5 /* Parse.framework */ = {isa = PBXFileReference; lastKnownFileType = wrapper.framework; name = Parse.framework; path = "../../../parse-library-1/Parse.framework"; sourceTree = "<group>"; };
/* End PBXFileReference section */

/* Begin PBXFrameworksBuildPhase section */
		DFA392511ABE10C300338DC4 /* Frameworks */ = {
			isa = PBXFrameworksBuildPhase;
			buildActionMask = 2147483647;
			files = (
				EE4727261ADEA1C500762AB5 /* Bolts.framework in Frameworks */,
				EE4727271ADEA1C500762AB5 /* Parse.framework in Frameworks */,
				EE4727231ADEA11D00762AB5 /* SystemConfiguration.framework in Frameworks */,
				EE4727211ADEA11100762AB5 /* StoreKit.framework in Frameworks */,
				EE47271F1ADEA10900762AB5 /* Security.framework in Frameworks */,
				EE47271D1ADEA0FD00762AB5 /* QuartzCore.framework in Frameworks */,
				EE47271B1ADEA0F100762AB5 /* MobileCoreServices.framework in Frameworks */,
				EE4727191ADEA0E300762AB5 /* CoreLocation.framework in Frameworks */,
				EE4727171ADEA0D900762AB5 /* CoreGraphics.framework in Frameworks */,
				EE4727151ADEA0D000762AB5 /* CFNetwork.framework in Frameworks */,
				EE4727131ADEA0C700762AB5 /* AudioToolbox.framework in Frameworks */,
				EE4727111ADEA07500762AB5 /* libz.dylib in Frameworks */,
				EE47270F1ADEA04E00762AB5 /* libsqlite3.dylib in Frameworks */,
			);
			runOnlyForDeploymentPostprocessing = 0;
		};
		DFA3926A1ABE10C300338DC4 /* Frameworks */ = {
			isa = PBXFrameworksBuildPhase;
			buildActionMask = 2147483647;
			files = (
				EE4727081ADE9F2C00762AB5 /* libicucore.dylib in Frameworks */,
				EE4727071ADE9F2C00762AB5 /* libc++.dylib in Frameworks */,
				EE4727091ADE9F2C00762AB5 /* Firebase.framework in Frameworks */,
			);
			runOnlyForDeploymentPostprocessing = 0;
		};
/* End PBXFrameworksBuildPhase section */

/* Begin PBXGroup section */
		DFA3924B1ABE10C300338DC4 = {
			isa = PBXGroup;
			children = (
				EE4727101ADEA07500762AB5 /* libz.dylib */,
				EE47270E1ADEA04E00762AB5 /* libsqlite3.dylib */,
				DFA392561ABE10C300338DC4 /* Forecaster */,
				DFA392701ABE10C300338DC4 /* ForecasterTests */,
				DFA392551ABE10C300338DC4 /* Products */,
			);
			sourceTree = "<group>";
		};
		DFA392551ABE10C300338DC4 /* Products */ = {
			isa = PBXGroup;
			children = (
				DFA392541ABE10C300338DC4 /* Forecaster.app */,
				DFA3926D1ABE10C300338DC4 /* ForecasterTests.xctest */,
			);
			name = Products;
			sourceTree = "<group>";
		};
		DFA392561ABE10C300338DC4 /* Forecaster */ = {
			isa = PBXGroup;
			children = (
				DFA3928F1ABF3E5100338DC4 /* Application */,
				DFA392901ABF3E6400338DC4 /* Models */,
				DFA3927D1ABE110600338DC4 /* CitiesTableViewController.h */,
				DFA3927E1ABE110600338DC4 /* CitiesTableViewController.m */,
				DFA392891ABF3D4300338DC4 /* CityCell.h */,
				DFA3928A1ABF3D4400338DC4 /* CityCell.m */,
				DFA392801ABE147500338DC4 /* CitySearchViewController.h */,
				DFA392811ABE147500338DC4 /* CitySearchViewController.m */,
				DFA392911ABF4F0400338DC4 /* WeatherDetailViewController.h */,
				DFA392921ABF4F0400338DC4 /* WeatherDetailViewController.m */,
				DFA392861ABE184F00338DC4 /* NetworkManager.h */,
				DFA392871ABE184F00338DC4 /* NetworkManager.m */,
				DFA392611ABE10C300338DC4 /* Main.storyboard */,
				DFA392641ABE10C300338DC4 /* Images.xcassets */,
				DFA392661ABE10C300338DC4 /* LaunchScreen.xib */,
				DFA392571ABE10C300338DC4 /* Supporting Files */,
			);
			path = Forecaster;
			sourceTree = "<group>";
		};
		DFA392571ABE10C300338DC4 /* Supporting Files */ = {
			isa = PBXGroup;
			children = (
				DFA392581ABE10C300338DC4 /* Info.plist */,
				DFA392591ABE10C300338DC4 /* main.m */,
			);
			name = "Supporting Files";
			sourceTree = "<group>";
		};
		DFA392701ABE10C300338DC4 /* ForecasterTests */ = {
			isa = PBXGroup;
			children = (
				DFA392731ABE10C300338DC4 /* ForecasterTests.m */,
				DFA392711ABE10C300338DC4 /* Supporting Files */,
			);
			path = ForecasterTests;
			sourceTree = "<group>";
		};
		DFA392711ABE10C300338DC4 /* Supporting Files */ = {
			isa = PBXGroup;
			children = (
				EE4727241ADEA1C500762AB5 /* Bolts.framework */,
				EE4727251ADEA1C500762AB5 /* Parse.framework */,
				EE4727221ADEA11D00762AB5 /* SystemConfiguration.framework */,
				EE4727201ADEA11100762AB5 /* StoreKit.framework */,
				EE47271E1ADEA10900762AB5 /* Security.framework */,
				EE47271C1ADEA0FD00762AB5 /* QuartzCore.framework */,
				EE47271A1ADEA0F100762AB5 /* MobileCoreServices.framework */,
				EE4727181ADEA0E300762AB5 /* CoreLocation.framework */,
				EE4727161ADEA0D900762AB5 /* CoreGraphics.framework */,
				EE4727141ADEA0D000762AB5 /* CFNetwork.framework */,
				EE4727121ADEA0C700762AB5 /* AudioToolbox.framework */,
				EE4726FB1ADE9F2C00762AB5 /* libc++.dylib */,
				EE4726FC1ADE9F2C00762AB5 /* libicucore.dylib */,
				EE4726FD1ADE9F2C00762AB5 /* Firebase.framework */,
				DFA392721ABE10C300338DC4 /* Info.plist */,
			);
			name = "Supporting Files";
			sourceTree = "<group>";
		};
		DFA3928F1ABF3E5100338DC4 /* Application */ = {
			isa = PBXGroup;
			children = (
				DFA3925B1ABE10C300338DC4 /* AppDelegate.h */,
				DFA3925C1ABE10C300338DC4 /* AppDelegate.m */,
			);
			name = Application;
			sourceTree = "<group>";
		};
		DFA392901ABF3E6400338DC4 /* Models */ = {
			isa = PBXGroup;
			children = (
				DFA392831ABE16C300338DC4 /* City.h */,
				DFA392841ABE16C300338DC4 /* City.m */,
				DFA3928C1ABF3DCD00338DC4 /* Weather.h */,
				DFA3928D1ABF3DCD00338DC4 /* Weather.m */,
			);
			name = Models;
			sourceTree = "<group>";
		};
/* End PBXGroup section */

/* Begin PBXNativeTarget section */
		DFA392531ABE10C300338DC4 /* Forecaster */ = {
			isa = PBXNativeTarget;
			buildConfigurationList = DFA392771ABE10C300338DC4 /* Build configuration list for PBXNativeTarget "Forecaster" */;
			buildPhases = (
				DFA392501ABE10C300338DC4 /* Sources */,
				DFA392511ABE10C300338DC4 /* Frameworks */,
				DFA392521ABE10C300338DC4 /* Resources */,
			);
			buildRules = (
			);
			dependencies = (
			);
			name = Forecaster;
			productName = Forecaster;
			productReference = DFA392541ABE10C300338DC4 /* Forecaster.app */;
			productType = "com.apple.product-type.application";
		};
		DFA3926C1ABE10C300338DC4 /* ForecasterTests */ = {
			isa = PBXNativeTarget;
			buildConfigurationList = DFA3927A1ABE10C300338DC4 /* Build configuration list for PBXNativeTarget "ForecasterTests" */;
			buildPhases = (
				DFA392691ABE10C300338DC4 /* Sources */,
				DFA3926A1ABE10C300338DC4 /* Frameworks */,
				DFA3926B1ABE10C300338DC4 /* Resources */,
			);
			buildRules = (
			);
			dependencies = (
				DFA3926F1ABE10C300338DC4 /* PBXTargetDependency */,
			);
			name = ForecasterTests;
			productName = ForecasterTests;
			productReference = DFA3926D1ABE10C300338DC4 /* ForecasterTests.xctest */;
			productType = "com.apple.product-type.bundle.unit-test";
		};
/* End PBXNativeTarget section */

/* Begin PBXProject section */
		DFA3924C1ABE10C300338DC4 /* Project object */ = {
			isa = PBXProject;
			attributes = {
				LastUpgradeCheck = 0610;
				ORGANIZATIONNAME = "The Iron Yard";
				TargetAttributes = {
					DFA392531ABE10C300338DC4 = {
						CreatedOnToolsVersion = 6.1.1;
					};
					DFA3926C1ABE10C300338DC4 = {
						CreatedOnToolsVersion = 6.1.1;
						TestTargetID = DFA392531ABE10C300338DC4;
					};
				};
			};
			buildConfigurationList = DFA3924F1ABE10C300338DC4 /* Build configuration list for PBXProject "Forecaster" */;
			compatibilityVersion = "Xcode 3.2";
			developmentRegion = English;
			hasScannedForEncodings = 0;
			knownRegions = (
				en,
				Base,
			);
			mainGroup = DFA3924B1ABE10C300338DC4;
			productRefGroup = DFA392551ABE10C300338DC4 /* Products */;
			projectDirPath = "";
			projectRoot = "";
			targets = (
				DFA392531ABE10C300338DC4 /* Forecaster */,
				DFA3926C1ABE10C300338DC4 /* ForecasterTests */,
			);
		};
/* End PBXProject section */

/* Begin PBXResourcesBuildPhase section */
		DFA392521ABE10C300338DC4 /* Resources */ = {
			isa = PBXResourcesBuildPhase;
			buildActionMask = 2147483647;
			files = (
				DFA392631ABE10C300338DC4 /* Main.storyboard in Resources */,
				DFA392681ABE10C300338DC4 /* LaunchScreen.xib in Resources */,
				DFA392651ABE10C300338DC4 /* Images.xcassets in Resources */,
			);
			runOnlyForDeploymentPostprocessing = 0;
		};
		DFA3926B1ABE10C300338DC4 /* Resources */ = {
			isa = PBXResourcesBuildPhase;
			buildActionMask = 2147483647;
			files = (
			);
			runOnlyForDeploymentPostprocessing = 0;
		};
/* End PBXResourcesBuildPhase section */

/* Begin PBXSourcesBuildPhase section */
		DFA392501ABE10C300338DC4 /* Sources */ = {
			isa = PBXSourcesBuildPhase;
			buildActionMask = 2147483647;
			files = (
				DFA392851ABE16C300338DC4 /* City.m in Sources */,
				DFA3925D1ABE10C300338DC4 /* AppDelegate.m in Sources */,
				DFA3925A1ABE10C300338DC4 /* main.m in Sources */,
				DFA3927F1ABE110600338DC4 /* CitiesTableViewController.m in Sources */,
				DFA3928E1ABF3DCD00338DC4 /* Weather.m in Sources */,
				DFA392881ABE184F00338DC4 /* NetworkManager.m in Sources */,
				DFA392931ABF4F0400338DC4 /* WeatherDetailViewController.m in Sources */,
				DFA3928B1ABF3D4400338DC4 /* CityCell.m in Sources */,
				DFA392821ABE147500338DC4 /* CitySearchViewController.m in Sources */,
			);
			runOnlyForDeploymentPostprocessing = 0;
		};
		DFA392691ABE10C300338DC4 /* Sources */ = {
			isa = PBXSourcesBuildPhase;
			buildActionMask = 2147483647;
			files = (
				DFA392741ABE10C300338DC4 /* ForecasterTests.m in Sources */,
			);
			runOnlyForDeploymentPostprocessing = 0;
		};
/* End PBXSourcesBuildPhase section */

/* Begin PBXTargetDependency section */
		DFA3926F1ABE10C300338DC4 /* PBXTargetDependency */ = {
			isa = PBXTargetDependency;
			target = DFA392531ABE10C300338DC4 /* Forecaster */;
			targetProxy = DFA3926E1ABE10C300338DC4 /* PBXContainerItemProxy */;
		};
/* End PBXTargetDependency section */

/* Begin PBXVariantGroup section */
		DFA392611ABE10C300338DC4 /* Main.storyboard */ = {
			isa = PBXVariantGroup;
			children = (
				DFA392621ABE10C300338DC4 /* Base */,
			);
			name = Main.storyboard;
			sourceTree = "<group>";
		};
		DFA392661ABE10C300338DC4 /* LaunchScreen.xib */ = {
			isa = PBXVariantGroup;
			children = (
				DFA392671ABE10C300338DC4 /* Base */,
			);
			name = LaunchScreen.xib;
			sourceTree = "<group>";
		};
/* End PBXVariantGroup section */

/* Begin XCBuildConfiguration section */
		DFA392751ABE10C300338DC4 /* Debug */ = {
			isa = XCBuildConfiguration;
			buildSettings = {
				ALWAYS_SEARCH_USER_PATHS = NO;
				CLANG_CXX_LANGUAGE_STANDARD = "gnu++0x";
				CLANG_CXX_LIBRARY = "libc++";
				CLANG_ENABLE_MODULES = YES;
				CLANG_ENABLE_OBJC_ARC = YES;
				CLANG_WARN_BOOL_CONVERSION = YES;
				CLANG_WARN_CONSTANT_CONVERSION = YES;
				CLANG_WARN_DIRECT_OBJC_ISA_USAGE = YES_ERROR;
				CLANG_WARN_EMPTY_BODY = YES;
				CLANG_WARN_ENUM_CONVERSION = YES;
				CLANG_WARN_INT_CONVERSION = YES;
				CLANG_WARN_OBJC_ROOT_CLASS = YES_ERROR;
				CLANG_WARN_UNREACHABLE_CODE = YES;
				CLANG_WARN__DUPLICATE_METHOD_MATCH = YES;
				"CODE_SIGN_IDENTITY[sdk=iphoneos*]" = "iPhone Developer";
				COPY_PHASE_STRIP = NO;
				ENABLE_STRICT_OBJC_MSGSEND = YES;
				GCC_C_LANGUAGE_STANDARD = gnu99;
				GCC_DYNAMIC_NO_PIC = NO;
				GCC_OPTIMIZATION_LEVEL = 0;
				GCC_PREPROCESSOR_DEFINITIONS = (
					"DEBUG=1",
					"$(inherited)",
				);
				GCC_SYMBOLS_PRIVATE_EXTERN = NO;
				GCC_WARN_64_TO_32_BIT_CONVERSION = YES;
				GCC_WARN_ABOUT_RETURN_TYPE = YES_ERROR;
				GCC_WARN_UNDECLARED_SELECTOR = YES;
				GCC_WARN_UNINITIALIZED_AUTOS = YES_AGGRESSIVE;
				GCC_WARN_UNUSED_FUNCTION = YES;
				GCC_WARN_UNUSED_VARIABLE = YES;
				IPHONEOS_DEPLOYMENT_TARGET = 8.1;
				MTL_ENABLE_DEBUG_INFO = YES;
				ONLY_ACTIVE_ARCH = YES;
				SDKROOT = iphoneos;
			};
			name = Debug;
		};
		DFA392761ABE10C300338DC4 /* Release */ = {
			isa = XCBuildConfiguration;
			buildSettings = {
				ALWAYS_SEARCH_USER_PATHS = NO;
				CLANG_CXX_LANGUAGE_STANDARD = "gnu++0x";
				CLANG_CXX_LIBRARY = "libc++";
				CLANG_ENABLE_MODULES = YES;
				CLANG_ENABLE_OBJC_ARC = YES;
				CLANG_WARN_BOOL_CONVERSION = YES;
				CLANG_WARN_CONSTANT_CONVERSION = YES;
				CLANG_WARN_DIRECT_OBJC_ISA_USAGE = YES_ERROR;
				CLANG_WARN_EMPTY_BODY = YES;
				CLANG_WARN_ENUM_CONVERSION = YES;
				CLANG_WARN_INT_CONVERSION = YES;
				CLANG_WARN_OBJC_ROOT_CLASS = YES_ERROR;
				CLANG_WARN_UNREACHABLE_CODE = YES;
				CLANG_WARN__DUPLICATE_METHOD_MATCH = YES;
				"CODE_SIGN_IDENTITY[sdk=iphoneos*]" = "iPhone Developer";
				COPY_PHASE_STRIP = YES;
				ENABLE_NS_ASSERTIONS = NO;
				ENABLE_STRICT_OBJC_MSGSEND = YES;
				GCC_C_LANGUAGE_STANDARD = gnu99;
				GCC_WARN_64_TO_32_BIT_CONVERSION = YES;
				GCC_WARN_ABOUT_RETURN_TYPE = YES_ERROR;
				GCC_WARN_UNDECLARED_SELECTOR = YES;
				GCC_WARN_UNINITIALIZED_AUTOS = YES_AGGRESSIVE;
				GCC_WARN_UNUSED_FUNCTION = YES;
				GCC_WARN_UNUSED_VARIABLE = YES;
				IPHONEOS_DEPLOYMENT_TARGET = 8.1;
				MTL_ENABLE_DEBUG_INFO = NO;
				SDKROOT = iphoneos;
				VALIDATE_PRODUCT = YES;
			};
			name = Release;
		};
		DFA392781ABE10C300338DC4 /* Debug */ = {
			isa = XCBuildConfiguration;
			buildSettings = {
				ASSETCATALOG_COMPILER_APPICON_NAME = AppIcon;
				CODE_SIGN_IDENTITY = "iPhone Developer";
				FRAMEWORK_SEARCH_PATHS = (
					"$(inherited)",
					"/Users/richardherndon1/Documents/TIY/parse-library-1",
				);
				INFOPLIST_FILE = Forecaster/Info.plist;
				LD_RUNPATH_SEARCH_PATHS = "$(inherited) @executable_path/Frameworks";
				PRODUCT_NAME = "$(TARGET_NAME)";
			};
			name = Debug;
		};
		DFA392791ABE10C300338DC4 /* Release */ = {
			isa = XCBuildConfiguration;
			buildSettings = {
				ASSETCATALOG_COMPILER_APPICON_NAME = AppIcon;
				FRAMEWORK_SEARCH_PATHS = (
					"$(inherited)",
					"/Users/richardherndon1/Documents/TIY/parse-library-1",
				);
				INFOPLIST_FILE = Forecaster/Info.plist;
				LD_RUNPATH_SEARCH_PATHS = "$(inherited) @executable_path/Frameworks";
				PRODUCT_NAME = "$(TARGET_NAME)";
			};
			name = Release;
		};
		DFA3927B1ABE10C300338DC4 /* Debug */ = {
			isa = XCBuildConfiguration;
			buildSettings = {
				BUNDLE_LOADER = "$(TEST_HOST)";
				FRAMEWORK_SEARCH_PATHS = (
					"$(SDKROOT)/Developer/Library/Frameworks",
					"$(inherited)",
					"$(PROJECT_DIR)/ForecasterTests",
				);
				GCC_PREPROCESSOR_DEFINITIONS = (
					"DEBUG=1",
					"$(inherited)",
				);
				INFOPLIST_FILE = ForecasterTests/Info.plist;
				LD_RUNPATH_SEARCH_PATHS = "$(inherited) @executable_path/Frameworks @loader_path/Frameworks";
				LIBRARY_SEARCH_PATHS = (
					"$(inherited)",
					"$(PROJECT_DIR)/ForecasterTests",
				);
				PRODUCT_NAME = "$(TARGET_NAME)";
				TEST_HOST = "$(BUILT_PRODUCTS_DIR)/Forecaster.app/Forecaster";
			};
			name = Debug;
		};
		DFA3927C1ABE10C300338DC4 /* Release */ = {
			isa = XCBuildConfiguration;
			buildSettings = {
				BUNDLE_LOADER = "$(TEST_HOST)";
				FRAMEWORK_SEARCH_PATHS = (
					"$(SDKROOT)/Developer/Library/Frameworks",
					"$(inherited)",
					"$(PROJECT_DIR)/ForecasterTests",
				);
				INFOPLIST_FILE = ForecasterTests/Info.plist;
				LD_RUNPATH_SEARCH_PATHS = "$(inherited) @executable_path/Frameworks @loader_path/Frameworks";
				LIBRARY_SEARCH_PATHS = (
					"$(inherited)",
					"$(PROJECT_DIR)/ForecasterTests",
				);
				PRODUCT_NAME = "$(TARGET_NAME)";
				TEST_HOST = "$(BUILT_PRODUCTS_DIR)/Forecaster.app/Forecaster";
			};
			name = Release;
		};
/* End XCBuildConfiguration section */

/* Begin XCConfigurationList section */
		DFA3924F1ABE10C300338DC4 /* Build configuration list for PBXProject "Forecaster" */ = {
			isa = XCConfigurationList;
			buildConfigurations = (
				DFA392751ABE10C300338DC4 /* Debug */,
				DFA392761ABE10C300338DC4 /* Release */,
			);
			defaultConfigurationIsVisible = 0;
			defaultConfigurationName = Release;
		};
		DFA392771ABE10C300338DC4 /* Build configuration list for PBXNativeTarget "Forecaster" */ = {
			isa = XCConfigurationList;
			buildConfigurations = (
				DFA392781ABE10C300338DC4 /* Debug */,
				DFA392791ABE10C300338DC4 /* Release */,
			);
			defaultConfigurationIsVisible = 0;
			defaultConfigurationName = Release;
		};
		DFA3927A1ABE10C300338DC4 /* Build configuration list for PBXNativeTarget "ForecasterTests" */ = {
			isa = XCConfigurationList;
			buildConfigurations = (
				DFA3927B1ABE10C300338DC4 /* Debug */,
				DFA3927C1ABE10C300338DC4 /* Release */,
			);
			defaultConfigurationIsVisible = 0;
			defaultConfigurationName = Release;
		};
/* End XCConfigurationList section */
	};
	rootObject = DFA3924C1ABE10C300338DC4 /* Project object */;
}
